// !$*UTF8*$!
{
	archiveVersion = 1;
	classes = {
	};
	objectVersion = 56;
	objects = {

/* Begin PBXBuildFile section */
		C358C06E29A386FE00113D24 /* Notebook.swift in Sources */ = {isa = PBXBuildFile; fileRef = C358C06D29A386FE00113D24 /* Notebook.swift */; };
		C358C07129A396C100113D24 /* DataTableViewCell.swift in Sources */ = {isa = PBXBuildFile; fileRef = C358C07029A396C100113D24 /* DataTableViewCell.swift */; };
		C358C07429A3C60500113D24 /* AddNewNoteViewController.swift in Sources */ = {isa = PBXBuildFile; fileRef = C358C07329A3C60500113D24 /* AddNewNoteViewController.swift */; };
		C358C07629A3E8E000113D24 /* EditNoteViewController.swift in Sources */ = {isa = PBXBuildFile; fileRef = C358C07529A3E8E000113D24 /* EditNoteViewController.swift */; };
		C375FC4929ABCCA30015E2BF /* StorageManager.swift in Sources */ = {isa = PBXBuildFile; fileRef = C375FC4829ABCCA30015E2BF /* StorageManager.swift */; };
		C3989F0A29AC850D0066880F /* MainViewModel.swift in Sources */ = {isa = PBXBuildFile; fileRef = C3989F0929AC850C0066880F /* MainViewModel.swift */; };
		C3989F0C29AC96FC0066880F /* DataCellViewModel.swift in Sources */ = {isa = PBXBuildFile; fileRef = C3989F0B29AC96FC0066880F /* DataCellViewModel.swift */; };
		C3989F0F29AD00A40066880F /* AddNewNoteViewModel.swift in Sources */ = {isa = PBXBuildFile; fileRef = C3989F0E29AD00A40066880F /* AddNewNoteViewModel.swift */; };
		C3989F1129AD031E0066880F /* EditNoteViewModel.swift in Sources */ = {isa = PBXBuildFile; fileRef = C3989F1029AD031E0066880F /* EditNoteViewModel.swift */; };
		C3FAC5CF29A2A5140013C365 /* AppDelegate.swift in Sources */ = {isa = PBXBuildFile; fileRef = C3FAC5CE29A2A5140013C365 /* AppDelegate.swift */; };
		C3FAC5D329A2A5140013C365 /* MainViewController.swift in Sources */ = {isa = PBXBuildFile; fileRef = C3FAC5D229A2A5140013C365 /* MainViewController.swift */; };
		C3FAC5D829A2A5150013C365 /* Assets.xcassets in Resources */ = {isa = PBXBuildFile; fileRef = C3FAC5D729A2A5150013C365 /* Assets.xcassets */; };
/* End PBXBuildFile section */

/* Begin PBXFileReference section */
		C358C06D29A386FE00113D24 /* Notebook.swift */ = {isa = PBXFileReference; lastKnownFileType = sourcecode.swift; path = Notebook.swift; sourceTree = "<group>"; };
		C358C07029A396C100113D24 /* DataTableViewCell.swift */ = {isa = PBXFileReference; lastKnownFileType = sourcecode.swift; path = DataTableViewCell.swift; sourceTree = "<group>"; };
		C358C07329A3C60500113D24 /* AddNewNoteViewController.swift */ = {isa = PBXFileReference; lastKnownFileType = sourcecode.swift; path = AddNewNoteViewController.swift; sourceTree = "<group>"; };
		C358C07529A3E8E000113D24 /* EditNoteViewController.swift */ = {isa = PBXFileReference; lastKnownFileType = sourcecode.swift; path = EditNoteViewController.swift; sourceTree = "<group>"; };
		C375FC4829ABCCA30015E2BF /* StorageManager.swift */ = {isa = PBXFileReference; lastKnownFileType = sourcecode.swift; path = StorageManager.swift; sourceTree = "<group>"; };
		C3989F0929AC850C0066880F /* MainViewModel.swift */ = {isa = PBXFileReference; lastKnownFileType = sourcecode.swift; path = MainViewModel.swift; sourceTree = "<group>"; };
		C3989F0B29AC96FC0066880F /* DataCellViewModel.swift */ = {isa = PBXFileReference; lastKnownFileType = sourcecode.swift; path = DataCellViewModel.swift; sourceTree = "<group>"; };
		C3989F0E29AD00A40066880F /* AddNewNoteViewModel.swift */ = {isa = PBXFileReference; lastKnownFileType = sourcecode.swift; path = AddNewNoteViewModel.swift; sourceTree = "<group>"; };
		C3989F1029AD031E0066880F /* EditNoteViewModel.swift */ = {isa = PBXFileReference; lastKnownFileType = sourcecode.swift; path = EditNoteViewModel.swift; sourceTree = "<group>"; };
		C3FAC5CB29A2A5140013C365 /* Repetition_4.2_MVC.app */ = {isa = PBXFileReference; explicitFileType = wrapper.application; includeInIndex = 0; path = Repetition_4.2_MVC.app; sourceTree = BUILT_PRODUCTS_DIR; };
		C3FAC5CE29A2A5140013C365 /* AppDelegate.swift */ = {isa = PBXFileReference; lastKnownFileType = sourcecode.swift; path = AppDelegate.swift; sourceTree = "<group>"; };
		C3FAC5D229A2A5140013C365 /* MainViewController.swift */ = {isa = PBXFileReference; lastKnownFileType = sourcecode.swift; path = MainViewController.swift; sourceTree = "<group>"; };
		C3FAC5D729A2A5150013C365 /* Assets.xcassets */ = {isa = PBXFileReference; lastKnownFileType = folder.assetcatalog; path = Assets.xcassets; sourceTree = "<group>"; };
		C3FAC5DC29A2A5150013C365 /* Info.plist */ = {isa = PBXFileReference; lastKnownFileType = text.plist.xml; path = Info.plist; sourceTree = "<group>"; };
/* End PBXFileReference section */

/* Begin PBXFrameworksBuildPhase section */
		C3FAC5C829A2A5140013C365 /* Frameworks */ = {
			isa = PBXFrameworksBuildPhase;
			buildActionMask = 2147483647;
			files = (
			);
			runOnlyForDeploymentPostprocessing = 0;
		};
/* End PBXFrameworksBuildPhase section */

/* Begin PBXGroup section */
		C358C06F29A3870800113D24 /* Models */ = {
			isa = PBXGroup;
			children = (
				C358C06D29A386FE00113D24 /* Notebook.swift */,
			);
			path = Models;
			sourceTree = "<group>";
		};
		C358C07229A396CA00113D24 /* NoteCell */ = {
			isa = PBXGroup;
			children = (
				C358C07029A396C100113D24 /* DataTableViewCell.swift */,
				C3989F0B29AC96FC0066880F /* DataCellViewModel.swift */,
			);
			path = NoteCell;
			sourceTree = "<group>";
		};
		C375FC4629ABC8840015E2BF /* MainList */ = {
			isa = PBXGroup;
			children = (
				C358C07229A396CA00113D24 /* NoteCell */,
				C3FAC5D229A2A5140013C365 /* MainViewController.swift */,
				C3989F0929AC850C0066880F /* MainViewModel.swift */,
			);
			path = MainList;
			sourceTree = "<group>";
		};
		C375FC4729ABCB3C0015E2BF /* Services */ = {
			isa = PBXGroup;
			children = (
				C375FC4829ABCCA30015E2BF /* StorageManager.swift */,
			);
			path = Services;
			sourceTree = "<group>";
		};
		C3989F0D29ACED6F0066880F /* AddNewNote */ = {
			isa = PBXGroup;
			children = (
				C358C07329A3C60500113D24 /* AddNewNoteViewController.swift */,
				C3989F0E29AD00A40066880F /* AddNewNoteViewModel.swift */,
			);
			path = AddNewNote;
			sourceTree = "<group>";
		};
		C3FAC5C229A2A5140013C365 = {
			isa = PBXGroup;
			children = (
				C3FAC5CD29A2A5140013C365 /* Repetition_4.2_MVC */,
				C3FAC5CC29A2A5140013C365 /* Products */,
			);
			sourceTree = "<group>";
		};
		C3FAC5CC29A2A5140013C365 /* Products */ = {
			isa = PBXGroup;
			children = (
				C3FAC5CB29A2A5140013C365 /* Repetition_4.2_MVC.app */,
			);
			name = Products;
			sourceTree = "<group>";
		};
		C3FAC5CD29A2A5140013C365 /* Repetition_4.2_MVC */ = {
			isa = PBXGroup;
			children = (
				C375FC4729ABCB3C0015E2BF /* Services */,
				C375FC4629ABC8840015E2BF /* MainList */,
				C3989F0D29ACED6F0066880F /* AddNewNote */,
				C3FAC5E429A2B0020013C365 /* EditNote */,
				C358C06F29A3870800113D24 /* Models */,
				C3FAC5E529A2B03A0013C365 /* Supporting */,
				C3FAC5E629A2B0440013C365 /* Resources */,
			);
			path = Repetition_4.2_MVC;
			sourceTree = "<group>";
		};
		C3FAC5E429A2B0020013C365 /* EditNote */ = {
			isa = PBXGroup;
			children = (
				C358C07529A3E8E000113D24 /* EditNoteViewController.swift */,
				C3989F1029AD031E0066880F /* EditNoteViewModel.swift */,
			);
			path = EditNote;
			sourceTree = "<group>";
		};
		C3FAC5E529A2B03A0013C365 /* Supporting */ = {
			isa = PBXGroup;
			children = (
				C3FAC5CE29A2A5140013C365 /* AppDelegate.swift */,
				C3FAC5DC29A2A5150013C365 /* Info.plist */,
			);
			path = Supporting;
			sourceTree = "<group>";
		};
		C3FAC5E629A2B0440013C365 /* Resources */ = {
			isa = PBXGroup;
			children = (
				C3FAC5D729A2A5150013C365 /* Assets.xcassets */,
			);
			path = Resources;
			sourceTree = "<group>";
		};
/* End PBXGroup section */

/* Begin PBXNativeTarget section */
		C3FAC5CA29A2A5140013C365 /* Repetition_4.2_MVC */ = {
			isa = PBXNativeTarget;
			buildConfigurationList = C3FAC5DF29A2A5150013C365 /* Build configuration list for PBXNativeTarget "Repetition_4.2_MVC" */;
			buildPhases = (
				C3FAC5C729A2A5140013C365 /* Sources */,
				C3FAC5C829A2A5140013C365 /* Frameworks */,
				C3FAC5C929A2A5140013C365 /* Resources */,
			);
			buildRules = (
			);
			dependencies = (
			);
			name = Repetition_4.2_MVC;
			productName = Repetition_4.2_MVC;
			productReference = C3FAC5CB29A2A5140013C365 /* Repetition_4.2_MVC.app */;
			productType = "com.apple.product-type.application";
		};
/* End PBXNativeTarget section */

/* Begin PBXProject section */
		C3FAC5C329A2A5140013C365 /* Project object */ = {
			isa = PBXProject;
			attributes = {
				BuildIndependentTargetsInParallel = 1;
				LastSwiftUpdateCheck = 1420;
				LastUpgradeCheck = 1420;
				TargetAttributes = {
					C3FAC5CA29A2A5140013C365 = {
						CreatedOnToolsVersion = 14.2;
					};
				};
			};
			buildConfigurationList = C3FAC5C629A2A5140013C365 /* Build configuration list for PBXProject "Repetition_4.2_MVC" */;
			compatibilityVersion = "Xcode 14.0";
			developmentRegion = en;
			hasScannedForEncodings = 0;
			knownRegions = (
				en,
				Base,
			);
			mainGroup = C3FAC5C229A2A5140013C365;
			productRefGroup = C3FAC5CC29A2A5140013C365 /* Products */;
			projectDirPath = "";
			projectRoot = "";
			targets = (
				C3FAC5CA29A2A5140013C365 /* Repetition_4.2_MVC */,
			);
		};
/* End PBXProject section */

/* Begin PBXResourcesBuildPhase section */
		C3FAC5C929A2A5140013C365 /* Resources */ = {
			isa = PBXResourcesBuildPhase;
			buildActionMask = 2147483647;
			files = (
				C3FAC5D829A2A5150013C365 /* Assets.xcassets in Resources */,
			);
			runOnlyForDeploymentPostprocessing = 0;
		};
/* End PBXResourcesBuildPhase section */

/* Begin PBXSourcesBuildPhase section */
		C3FAC5C729A2A5140013C365 /* Sources */ = {
			isa = PBXSourcesBuildPhase;
			buildActionMask = 2147483647;
			files = (
				C3FAC5D329A2A5140013C365 /* MainViewController.swift in Sources */,
				C358C07429A3C60500113D24 /* AddNewNoteViewController.swift in Sources */,
				C358C06E29A386FE00113D24 /* Notebook.swift in Sources */,
				C3989F0F29AD00A40066880F /* AddNewNoteViewModel.swift in Sources */,
				C3989F1129AD031E0066880F /* EditNoteViewModel.swift in Sources */,
				C375FC4929ABCCA30015E2BF /* StorageManager.swift in Sources */,
				C3FAC5CF29A2A5140013C365 /* AppDelegate.swift in Sources */,
				C358C07129A396C100113D24 /* DataTableViewCell.swift in Sources */,
				C3989F0C29AC96FC0066880F /* DataCellViewModel.swift in Sources */,
				C358C07629A3E8E000113D24 /* EditNoteViewController.swift in Sources */,
				C3989F0A29AC850D0066880F /* MainViewModel.swift in Sources */,
			);
			runOnlyForDeploymentPostprocessing = 0;
		};
/* End PBXSourcesBuildPhase section */

/* Begin XCBuildConfiguration section */
		C3FAC5DD29A2A5150013C365 /* Debug */ = {
			isa = XCBuildConfiguration;
			buildSettings = {
				ALWAYS_SEARCH_USER_PATHS = NO;
				CLANG_ANALYZER_NONNULL = YES;
				CLANG_ANALYZER_NUMBER_OBJECT_CONVERSION = YES_AGGRESSIVE;
				CLANG_CXX_LANGUAGE_STANDARD = "gnu++20";
				CLANG_ENABLE_MODULES = YES;
				CLANG_ENABLE_OBJC_ARC = YES;
				CLANG_ENABLE_OBJC_WEAK = YES;
				CLANG_WARN_BLOCK_CAPTURE_AUTORELEASING = YES;
				CLANG_WARN_BOOL_CONVERSION = YES;
				CLANG_WARN_COMMA = YES;
				CLANG_WARN_CONSTANT_CONVERSION = YES;
				CLANG_WARN_DEPRECATED_OBJC_IMPLEMENTATIONS = YES;
				CLANG_WARN_DIRECT_OBJC_ISA_USAGE = YES_ERROR;
				CLANG_WARN_DOCUMENTATION_COMMENTS = YES;
				CLANG_WARN_EMPTY_BODY = YES;
				CLANG_WARN_ENUM_CONVERSION = YES;
				CLANG_WARN_INFINITE_RECURSION = YES;
				CLANG_WARN_INT_CONVERSION = YES;
				CLANG_WARN_NON_LITERAL_NULL_CONVERSION = YES;
				CLANG_WARN_OBJC_IMPLICIT_RETAIN_SELF = YES;
				CLANG_WARN_OBJC_LITERAL_CONVERSION = YES;
				CLANG_WARN_OBJC_ROOT_CLASS = YES_ERROR;
				CLANG_WARN_QUOTED_INCLUDE_IN_FRAMEWORK_HEADER = YES;
				CLANG_WARN_RANGE_LOOP_ANALYSIS = YES;
				CLANG_WARN_STRICT_PROTOTYPES = YES;
				CLANG_WARN_SUSPICIOUS_MOVE = YES;
				CLANG_WARN_UNGUARDED_AVAILABILITY = YES_AGGRESSIVE;
				CLANG_WARN_UNREACHABLE_CODE = YES;
				CLANG_WARN__DUPLICATE_METHOD_MATCH = YES;
				COPY_PHASE_STRIP = NO;
				DEBUG_INFORMATION_FORMAT = dwarf;
				ENABLE_STRICT_OBJC_MSGSEND = YES;
				ENABLE_TESTABILITY = YES;
				GCC_C_LANGUAGE_STANDARD = gnu11;
				GCC_DYNAMIC_NO_PIC = NO;
				GCC_NO_COMMON_BLOCKS = YES;
				GCC_OPTIMIZATION_LEVEL = 0;
				GCC_PREPROCESSOR_DEFINITIONS = (
					"DEBUG=1",
					"$(inherited)",
				);
				GCC_WARN_64_TO_32_BIT_CONVERSION = YES;
				GCC_WARN_ABOUT_RETURN_TYPE = YES_ERROR;
				GCC_WARN_UNDECLARED_SELECTOR = YES;
				GCC_WARN_UNINITIALIZED_AUTOS = YES_AGGRESSIVE;
				GCC_WARN_UNUSED_FUNCTION = YES;
				GCC_WARN_UNUSED_VARIABLE = YES;
				IPHONEOS_DEPLOYMENT_TARGET = 16.2;
				MTL_ENABLE_DEBUG_INFO = INCLUDE_SOURCE;
				MTL_FAST_MATH = YES;
				ONLY_ACTIVE_ARCH = YES;
				SDKROOT = iphoneos;
				SWIFT_ACTIVE_COMPILATION_CONDITIONS = DEBUG;
				SWIFT_OPTIMIZATION_LEVEL = "-Onone";
			};
			name = Debug;
		};
		C3FAC5DE29A2A5150013C365 /* Release */ = {
			isa = XCBuildConfiguration;
			buildSettings = {
				ALWAYS_SEARCH_USER_PATHS = NO;
				CLANG_ANALYZER_NONNULL = YES;
				CLANG_ANALYZER_NUMBER_OBJECT_CONVERSION = YES_AGGRESSIVE;
				CLANG_CXX_LANGUAGE_STANDARD = "gnu++20";
				CLANG_ENABLE_MODULES = YES;
				CLANG_ENABLE_OBJC_ARC = YES;
				CLANG_ENABLE_OBJC_WEAK = YES;
				CLANG_WARN_BLOCK_CAPTURE_AUTORELEASING = YES;
				CLANG_WARN_BOOL_CONVERSION = YES;
				CLANG_WARN_COMMA = YES;
				CLANG_WARN_CONSTANT_CONVERSION = YES;
				CLANG_WARN_DEPRECATED_OBJC_IMPLEMENTATIONS = YES;
				CLANG_WARN_DIRECT_OBJC_ISA_USAGE = YES_ERROR;
				CLANG_WARN_DOCUMENTATION_COMMENTS = YES;
				CLANG_WARN_EMPTY_BODY = YES;
				CLANG_WARN_ENUM_CONVERSION = YES;
				CLANG_WARN_INFINITE_RECURSION = YES;
				CLANG_WARN_INT_CONVERSION = YES;
				CLANG_WARN_NON_LITERAL_NULL_CONVERSION = YES;
				CLANG_WARN_OBJC_IMPLICIT_RETAIN_SELF = YES;
				CLANG_WARN_OBJC_LITERAL_CONVERSION = YES;
				CLANG_WARN_OBJC_ROOT_CLASS = YES_ERROR;
				CLANG_WARN_QUOTED_INCLUDE_IN_FRAMEWORK_HEADER = YES;
				CLANG_WARN_RANGE_LOOP_ANALYSIS = YES;
				CLANG_WARN_STRICT_PROTOTYPES = YES;
				CLANG_WARN_SUSPICIOUS_MOVE = YES;
				CLANG_WARN_UNGUARDED_AVAILABILITY = YES_AGGRESSIVE;
				CLANG_WARN_UNREACHABLE_CODE = YES;
				CLANG_WARN__DUPLICATE_METHOD_MATCH = YES;
				COPY_PHASE_STRIP = NO;
				DEBUG_INFORMATION_FORMAT = "dwarf-with-dsym";
				ENABLE_NS_ASSERTIONS = NO;
				ENABLE_STRICT_OBJC_MSGSEND = YES;
				GCC_C_LANGUAGE_STANDARD = gnu11;
				GCC_NO_COMMON_BLOCKS = YES;
				GCC_WARN_64_TO_32_BIT_CONVERSION = YES;
				GCC_WARN_ABOUT_RETURN_TYPE = YES_ERROR;
				GCC_WARN_UNDECLARED_SELECTOR = YES;
				GCC_WARN_UNINITIALIZED_AUTOS = YES_AGGRESSIVE;
				GCC_WARN_UNUSED_FUNCTION = YES;
				GCC_WARN_UNUSED_VARIABLE = YES;
				IPHONEOS_DEPLOYMENT_TARGET = 16.2;
				MTL_ENABLE_DEBUG_INFO = NO;
				MTL_FAST_MATH = YES;
				SDKROOT = iphoneos;
				SWIFT_COMPILATION_MODE = wholemodule;
				SWIFT_OPTIMIZATION_LEVEL = "-O";
				VALIDATE_PRODUCT = YES;
			};
			name = Release;
		};
		C3FAC5E029A2A5150013C365 /* Debug */ = {
			isa = XCBuildConfiguration;
			buildSettings = {
				ASSETCATALOG_COMPILER_APPICON_NAME = AppIcon;
				ASSETCATALOG_COMPILER_GLOBAL_ACCENT_COLOR_NAME = AccentColor;
				CODE_SIGN_STYLE = Automatic;
				CURRENT_PROJECT_VERSION = 1;
				DEVELOPMENT_TEAM = S4AD5RA4FS;
				GENERATE_INFOPLIST_FILE = YES;
				INFOPLIST_FILE = Repetition_4.2_MVC/Supporting/Info.plist;
				INFOPLIST_KEY_UIApplicationSupportsIndirectInputEvents = YES;
				INFOPLIST_KEY_UILaunchStoryboardName = LaunchScreen;
				INFOPLIST_KEY_UIStatusBarStyle = UIStatusBarStyleDarkContent;
				INFOPLIST_KEY_UISupportedInterfaceOrientations_iPad = "UIInterfaceOrientationPortrait UIInterfaceOrientationPortraitUpsideDown UIInterfaceOrientationLandscapeLeft UIInterfaceOrientationLandscapeRight";
				INFOPLIST_KEY_UISupportedInterfaceOrientations_iPhone = "UIInterfaceOrientationPortrait UIInterfaceOrientationLandscapeLeft UIInterfaceOrientationLandscapeRight";
				LD_RUNPATH_SEARCH_PATHS = (
					"$(inherited)",
					"@executable_path/Frameworks",
				);
				MARKETING_VERSION = 1.0;
				PRODUCT_BUNDLE_IDENTIFIER = "Shagiakhmetov.Repetition-4-2-MVC";
				PRODUCT_NAME = "$(TARGET_NAME)";
				SWIFT_EMIT_LOC_STRINGS = YES;
				SWIFT_VERSION = 5.0;
				TARGETED_DEVICE_FAMILY = "1,2";
			};
			name = Debug;
		};
		C3FAC5E129A2A5150013C365 /* Release */ = {
			isa = XCBuildConfiguration;
			buildSettings = {
				ASSETCATALOG_COMPILER_APPICON_NAME = AppIcon;
				ASSETCATALOG_COMPILER_GLOBAL_ACCENT_COLOR_NAME = AccentColor;
				CODE_SIGN_STYLE = Automatic;
				CURRENT_PROJECT_VERSION = 1;
				DEVELOPMENT_TEAM = S4AD5RA4FS;
				GENERATE_INFOPLIST_FILE = YES;
				INFOPLIST_FILE = Repetition_4.2_MVC/Supporting/Info.plist;
				INFOPLIST_KEY_UIApplicationSupportsIndirectInputEvents = YES;
				INFOPLIST_KEY_UILaunchStoryboardName = LaunchScreen;
				INFOPLIST_KEY_UIStatusBarStyle = UIStatusBarStyleDarkContent;
				INFOPLIST_KEY_UISupportedInterfaceOrientations_iPad = "UIInterfaceOrientationPortrait UIInterfaceOrientationPortraitUpsideDown UIInterfaceOrientationLandscapeLeft UIInterfaceOrientationLandscapeRight";
				INFOPLIST_KEY_UISupportedInterfaceOrientations_iPhone = "UIInterfaceOrientationPortrait UIInterfaceOrientationLandscapeLeft UIInterfaceOrientationLandscapeRight";
				LD_RUNPATH_SEARCH_PATHS = (
					"$(inherited)",
					"@executable_path/Frameworks",
				);
				MARKETING_VERSION = 1.0;
				PRODUCT_BUNDLE_IDENTIFIER = "Shagiakhmetov.Repetition-4-2-MVC";
				PRODUCT_NAME = "$(TARGET_NAME)";
				SWIFT_EMIT_LOC_STRINGS = YES;
				SWIFT_VERSION = 5.0;
				TARGETED_DEVICE_FAMILY = "1,2";
			};
			name = Release;
		};
/* End XCBuildConfiguration section */

/* Begin XCConfigurationList section */
		C3FAC5C629A2A5140013C365 /* Build configuration list for PBXProject "Repetition_4.2_MVC" */ = {
			isa = XCConfigurationList;
			buildConfigurations = (
				C3FAC5DD29A2A5150013C365 /* Debug */,
				C3FAC5DE29A2A5150013C365 /* Release */,
			);
			defaultConfigurationIsVisible = 0;
			defaultConfigurationName = Release;
		};
		C3FAC5DF29A2A5150013C365 /* Build configuration list for PBXNativeTarget "Repetition_4.2_MVC" */ = {
			isa = XCConfigurationList;
			buildConfigurations = (
				C3FAC5E029A2A5150013C365 /* Debug */,
				C3FAC5E129A2A5150013C365 /* Release */,
			);
			defaultConfigurationIsVisible = 0;
			defaultConfigurationName = Release;
		};
/* End XCConfigurationList section */
	};
	rootObject = C3FAC5C329A2A5140013C365 /* Project object */;
}
